{
  "name": "level-post",
  "version": "1.0.7",
  "lockfileVersion": 1,
  "requires": true,
  "dependencies": {
    "abstract-leveldown": {
      "version": "2.6.3",
      "resolved": "https://registry.npmjs.org/abstract-leveldown/-/abstract-leveldown-2.6.3.tgz",
      "integrity": "sha512-2++wDf/DYqkPR3o5tbfdhF96EfMApo1GpPfzOsR/ZYXdkSmELlvOOEAl9iKkRsktMPHdGjO4rtkBpf2I7TiTeA==",
      "dev": true,
      "requires": {
        "xtend": "4.0.1"
      }
    },
    "ansi-regex": {
      "version": "2.1.1",
      "resolved": "https://registry.npmjs.org/ansi-regex/-/ansi-regex-2.1.1.tgz",
      "integrity": "sha1-w7M6te42DYbg5ijwRorn7yfWVN8=",
      "dev": true
    },
    "aproba": {
      "version": "1.1.2",
      "resolved": "https://registry.npmjs.org/aproba/-/aproba-1.1.2.tgz",
      "integrity": "sha512-ZpYajIfO0j2cOFTO955KUMIKNmj6zhX8kVztMAxFsDaMwz+9Z9SV0uou2pC9HJqcfpffOsjnbrDMvkNy+9RXPw==",
      "dev": true
    },
    "are-we-there-yet": {
      "version": "1.1.4",
      "resolved": "https://registry.npmjs.org/are-we-there-yet/-/are-we-there-yet-1.1.4.tgz",
      "integrity": "sha1-u13KOCu5TwXhUZQ3PRb9O6HKEQ0=",
      "dev": true,
      "requires": {
        "delegates": "1.0.0",
        "readable-stream": "2.3.3"
      },
      "dependencies": {
        "isarray": {
          "version": "1.0.0",
          "resolved": "https://registry.npmjs.org/isarray/-/isarray-1.0.0.tgz",
          "integrity": "sha1-u5NdSFgsuhaMBoNJV6VKPgcSTxE=",
          "dev": true
        },
        "readable-stream": {
          "version": "2.3.3",
          "resolved": "https://registry.npmjs.org/readable-stream/-/readable-stream-2.3.3.tgz",
          "integrity": "sha512-m+qzzcn7KUxEmd1gMbchF+Y2eIUbieUaxkWtptyHywrX0rE8QEYqPC07Vuy4Wm32/xE16NcdBctb8S0Xe/5IeQ==",
          "dev": true,
          "requires": {
            "core-util-is": "1.0.2",
            "inherits": "2.0.3",
            "isarray": "1.0.0",
            "process-nextick-args": "1.0.7",
            "safe-buffer": "5.1.1",
            "string_decoder": "1.0.3",
            "util-deprecate": "1.0.2"
          }
        },
        "string_decoder": {
          "version": "1.0.3",
          "resolved": "https://registry.npmjs.org/string_decoder/-/string_decoder-1.0.3.tgz",
          "integrity": "sha512-4AH6Z5fzNNBcH+6XDMfA/BTt87skxqJlO0lAh3Dker5zThcAxG6mKz+iGu308UKoPPQ8Dcqx/4JhujzltRa+hQ==",
          "dev": true,
          "requires": {
            "safe-buffer": "5.1.1"
          }
        }
      }
    },
    "balanced-match": {
      "version": "1.0.0",
      "resolved": "https://registry.npmjs.org/balanced-match/-/balanced-match-1.0.0.tgz",
      "integrity": "sha1-ibTRmasr7kneFk6gK4nORi1xt2c=",
      "dev": true
    },
    "base64-js": {
      "version": "0.0.2",
      "resolved": "https://registry.npmjs.org/base64-js/-/base64-js-0.0.2.tgz",
      "integrity": "sha1-Ak8Pcq+iW3X5wO5zzU9V7Bvtl4Q=",
      "dev": true
    },
    "bindings": {
      "version": "1.2.1",
      "resolved": "https://registry.npmjs.org/bindings/-/bindings-1.2.1.tgz",
      "integrity": "sha1-FK1hE4EtLTfXLme0ystLtyZQXxE=",
      "dev": true
    },
    "bl": {
      "version": "1.2.1",
      "resolved": "https://registry.npmjs.org/bl/-/bl-1.2.1.tgz",
      "integrity": "sha512-QrWsZru4tcbQ0MouVzeYR/HINAo2Q+vGpeA/ildEiekYgK2eYo/tyKXVyEDfa63VbR0wAIgFCk3Fetz3kE8ElQ==",
      "dev": true,
      "requires": {
        "readable-stream": "^2.0.5"
      },
      "dependencies": {
        "isarray": {
          "version": "1.0.0",
          "resolved": "https://registry.npmjs.org/isarray/-/isarray-1.0.0.tgz",
          "integrity": "sha512-VLghIWNM6ELQzo7zwmcg0NmTVyWKYjvIeM83yjp0wRDTmUnrM678fQbcKBo6n2CJEF0szoG//ytg+TKla89ALQ==",
          "dev": true
        },
        "process-nextick-args": {
          "version": "2.0.1",
          "resolved": "https://registry.npmjs.org/process-nextick-args/-/process-nextick-args-2.0.1.tgz",
          "integrity": "sha512-3ouUOpQhtgrbOa17J7+uxOTpITYWaGP7/AhoR3+A+/1e9skrzelGi/dXzEYyvbxubEF6Wn2ypscTKiKJFFn1ag==",
          "dev": true
        },
        "readable-stream": {
          "version": "2.3.8",
          "resolved": "https://registry.npmjs.org/readable-stream/-/readable-stream-2.3.8.tgz",
          "integrity": "sha512-8p0AUk4XODgIewSi0l8Epjs+EVnWiK7NoDIEGU0HhE7+ZyY8D1IMY7odu5lRrFXGg71L15KG8QrPmum45RTtdA==",
          "dev": true,
          "requires": {
            "core-util-is": "~1.0.0",
            "inherits": "~2.0.3",
            "isarray": "~1.0.0",
            "process-nextick-args": "~2.0.0",
            "safe-buffer": "~5.1.1",
            "string_decoder": "~1.1.1",
            "util-deprecate": "~1.0.1"
          }
        },
        "string_decoder": {
          "version": "1.1.1",
          "resolved": "https://registry.npmjs.org/string_decoder/-/string_decoder-1.1.1.tgz",
          "integrity": "sha512-n/ShnvDi6FHbbVfviro+WojiFzv+s8MPMHBczVePfUpDJLwoLT0ht1l4YwBCbi8pJAveEEdnkHyPyTP/mzRfwg==",
          "dev": true,
          "requires": {
            "safe-buffer": "~5.1.0"
          }
        }
      }
    },
    "bops": {
      "version": "0.1.1",
      "resolved": "https://registry.npmjs.org/bops/-/bops-0.1.1.tgz",
      "integrity": "sha1-Bi4CqNqoAfoQ8uXb5nQM/4Af4X4=",
      "dev": true,
      "requires": {
        "base64-js": "0.0.2",
        "to-utf8": "0.0.1"
      }
    },
    "brace-expansion": {
      "version": "1.1.8",
      "resolved": "https://registry.npmjs.org/brace-expansion/-/brace-expansion-1.1.8.tgz",
      "integrity": "sha1-wHshHHyVLsH479Uad+8NHTmQopI=",
      "dev": true,
      "requires": {
        "balanced-match": "1.0.0",
        "concat-map": "0.0.1"
      }
    },
    "bytewise": {
      "version": "0.7.1",
      "resolved": "https://registry.npmjs.org/bytewise/-/bytewise-0.7.1.tgz",
      "integrity": "sha1-Q6R512PIUlbVRnyP4FpzT08urC4=",
      "dev": true,
      "requires": {
        "bops": "0.1.1"
      }
    },
    "chownr": {
      "version": "1.0.1",
      "resolved": "https://registry.npmjs.org/chownr/-/chownr-1.0.1.tgz",
      "integrity": "sha1-4qdQQqlVGQi+vSW4Uj1fl2nXkYE=",
      "dev": true
    },
    "code-point-at": {
      "version": "1.1.0",
      "resolved": "https://registry.npmjs.org/code-point-at/-/code-point-at-1.1.0.tgz",
      "integrity": "sha1-DQcLTQQ6W+ozovGkDi7bPZpMz3c=",
      "dev": true
    },
    "concat-map": {
      "version": "0.0.1",
      "resolved": "https://registry.npmjs.org/concat-map/-/concat-map-0.0.1.tgz",
      "integrity": "sha1-2Klr13/Wjfd5OnMDajug1UBdR3s=",
      "dev": true
    },
    "console-control-strings": {
      "version": "1.1.0",
      "resolved": "https://registry.npmjs.org/console-control-strings/-/console-control-strings-1.1.0.tgz",
      "integrity": "sha1-PXz0Rk22RG6mRL9LOVB/mFEAjo4=",
      "dev": true
    },
    "core-util-is": {
      "version": "1.0.2",
      "resolved": "https://registry.npmjs.org/core-util-is/-/core-util-is-1.0.2.tgz",
      "integrity": "sha1-tf1UIgqivFq1eqtxQMlAdUUDwac=",
      "dev": true
    },
    "deep-equal": {
      "version": "0.2.2",
      "resolved": "https://registry.npmjs.org/deep-equal/-/deep-equal-0.2.2.tgz",
      "integrity": "sha1-hLdFiW80xoTpjyzg5Cq69Du6AX0=",
      "dev": true
    },
    "deep-extend": {
      "version": "0.4.2",
      "resolved": "https://registry.npmjs.org/deep-extend/-/deep-extend-0.4.2.tgz",
      "integrity": "sha1-SLaZwn4zS/ifEIkr5DL25MfTSn8=",
      "dev": true
    },
    "deferred-leveldown": {
      "version": "1.2.2",
      "resolved": "https://registry.npmjs.org/deferred-leveldown/-/deferred-leveldown-1.2.2.tgz",
      "integrity": "sha512-uukrWD2bguRtXilKt6cAWKyoXrTSMo5m7crUdLfWQmu8kIm88w3QZoUL+6nhpfKVmhHANER6Re3sKoNoZ3IKMA==",
      "dev": true,
      "requires": {
        "abstract-leveldown": "2.6.3"
      }
    },
    "defined": {
      "version": "0.0.0",
      "resolved": "https://registry.npmjs.org/defined/-/defined-0.0.0.tgz",
      "integrity": "sha1-817qfXBekzuvE7LwOz+D2SFAOz4=",
      "dev": true
    },
    "delegates": {
      "version": "1.0.0",
      "resolved": "https://registry.npmjs.org/delegates/-/delegates-1.0.0.tgz",
      "integrity": "sha1-hMbhWbgZBP3KWaDvRM2HDTElD5o=",
      "dev": true
    },
    "end-of-stream": {
      "version": "1.4.0",
      "resolved": "https://registry.npmjs.org/end-of-stream/-/end-of-stream-1.4.0.tgz",
      "integrity": "sha1-epDYM+/abPpurA9JSduw+tOmMgY=",
      "dev": true,
      "requires": {
        "once": "1.4.0"
      }
    },
    "errno": {
      "version": "0.1.4",
      "resolved": "https://registry.npmjs.org/errno/-/errno-0.1.4.tgz",
      "integrity": "sha1-uJbiOp5ei6M4cfyZar02NfyaHH0=",
      "dev": true,
      "requires": {
        "prr": "0.0.0"
      },
      "dependencies": {
        "prr": {
          "version": "0.0.0",
          "resolved": "https://registry.npmjs.org/prr/-/prr-0.0.0.tgz",
          "integrity": "sha1-GoS4WQgyVQFBGFPQCB7j+obikmo=",
          "dev": true
        }
      }
    },
    "expand-template": {
      "version": "1.0.3",
      "resolved": "https://registry.npmjs.org/expand-template/-/expand-template-1.0.3.tgz",
      "integrity": "sha1-bDAzIxd6YrGyLAcCefeGEoe2mxo=",
      "dev": true
    },
    "fast-future": {
      "version": "1.0.2",
      "resolved": "https://registry.npmjs.org/fast-future/-/fast-future-1.0.2.tgz",
      "integrity": "sha1-hDWpqqAteSSNF9cE52JZMB2ZKAo=",
      "dev": true
    },
    "functional-red-black-tree": {
      "version": "1.0.1",
      "resolved": "https://registry.npmjs.org/functional-red-black-tree/-/functional-red-black-tree-1.0.1.tgz",
      "integrity": "sha1-GwqzvVU7Kg1jmdKcDj6gslIHgyc=",
      "dev": true
    },
    "gauge": {
      "version": "2.7.4",
      "resolved": "https://registry.npmjs.org/gauge/-/gauge-2.7.4.tgz",
      "integrity": "sha1-LANAXHU4w51+s3sxcCLjJfsBi/c=",
      "dev": true,
      "requires": {
        "aproba": "1.1.2",
        "console-control-strings": "1.1.0",
        "has-unicode": "2.0.1",
        "object-assign": "4.1.1",
        "signal-exit": "3.0.2",
        "string-width": "1.0.2",
        "strip-ansi": "3.0.1",
        "wide-align": "1.1.2"
      }
    },
    "github-from-package": {
      "version": "0.0.0",
      "resolved": "https://registry.npmjs.org/github-from-package/-/github-from-package-0.0.0.tgz",
      "integrity": "sha1-l/tdlr/eiXMxPyDoKI75oWf6ZM4=",
      "dev": true
    },
    "glob": {
      "version": "3.2.11",
      "resolved": "https://registry.npmjs.org/glob/-/glob-3.2.11.tgz",
      "integrity": "sha1-Spc/Y1uRkPcV0QmH1cAP0oFevj0=",
      "dev": true,
      "requires": {
        "inherits": "2.0.3",
        "minimatch": "0.3.0"
      }
    },
    "has": {
      "version": "0.0.1",
      "resolved": "https://registry.npmjs.org/has/-/has-0.0.1.tgz",
      "integrity": "sha1-ZmOcFOr1WfE52ivg5DiRDvP9Wxs=",
      "dev": true
    },
    "has-unicode": {
      "version": "2.0.1",
      "resolved": "https://registry.npmjs.org/has-unicode/-/has-unicode-2.0.1.tgz",
      "integrity": "sha1-4Ob+aijPUROIVeCG0Wkedx3iqLk=",
      "dev": true
    },
    "idb-wrapper": {
      "version": "1.4.1",
      "resolved": "https://registry.npmjs.org/idb-wrapper/-/idb-wrapper-1.4.1.tgz",
      "integrity": "sha1-IO13J9UV11vv18OAqLlkAMURRWw=",
      "dev": true
    },
    "inflight": {
      "version": "1.0.6",
      "resolved": "https://registry.npmjs.org/inflight/-/inflight-1.0.6.tgz",
      "integrity": "sha1-Sb1jMdfQLQwJvJEKEHW6gWW1bfk=",
      "dev": true,
      "requires": {
        "once": "1.4.0",
        "wrappy": "1.0.2"
      }
    },
    "inherits": {
      "version": "2.0.3",
      "resolved": "https://registry.npmjs.org/inherits/-/inherits-2.0.3.tgz",
      "integrity": "sha1-Yzwsg+PaQqUC9SRmAiSA9CCCYd4=",
      "dev": true
    },
    "ini": {
      "version": "1.3.5",
      "resolved": "https://registry.npmjs.org/ini/-/ini-1.3.5.tgz",
      "integrity": "sha512-RZY5huIKCMRWDUqZlEi72f/lmXKMvuszcMBduliQ3nnWbx9X/ZBQO7DijMEYS9EhHBb2qacRUMtC7svLwe0lcw==",
      "dev": true
    },
    "is-fullwidth-code-point": {
      "version": "1.0.0",
      "resolved": "https://registry.npmjs.org/is-fullwidth-code-point/-/is-fullwidth-code-point-1.0.0.tgz",
      "integrity": "sha1-754xOG8DGn8NZDr4L95QxFfvAMs=",
      "dev": true,
      "requires": {
        "number-is-nan": "1.0.1"
      }
    },
    "isarray": {
      "version": "0.0.1",
      "resolved": "https://registry.npmjs.org/isarray/-/isarray-0.0.1.tgz",
      "integrity": "sha1-ihis/Kmo9Bd+Cav8YDiTmwXR7t8=",
      "dev": true
    },
    "isbuffer": {
      "version": "0.0.0",
      "resolved": "https://registry.npmjs.org/isbuffer/-/isbuffer-0.0.0.tgz",
      "integrity": "sha1-OMFG2d9Si4v5sHAcPUPPEt8/w5s=",
      "dev": true
    },
    "level": {
      "version": "1.7.0",
      "resolved": "https://registry.npmjs.org/level/-/level-1.7.0.tgz",
      "integrity": "sha1-Q0ZKOounOy895WokKSgFFG2iE6E=",
      "dev": true,
      "requires": {
        "level-packager": "1.2.1",
        "leveldown": "1.7.2"
      }
    },
    "level-codec": {
      "version": "7.0.1",
      "resolved": "https://registry.npmjs.org/level-codec/-/level-codec-7.0.1.tgz",
      "integrity": "sha512-Ua/R9B9r3RasXdRmOtd+t9TCOEIIlts+TN/7XTT2unhDaL6sJn83S3rUyljbr6lVtw49N3/yA0HHjpV6Kzb2aQ==",
      "dev": true
    },
    "level-errors": {
      "version": "1.0.5",
      "resolved": "https://registry.npmjs.org/level-errors/-/level-errors-1.0.5.tgz",
      "integrity": "sha512-/cLUpQduF6bNrWuAC4pwtUKA5t669pCsCi2XbmojG2tFeOr9j6ShtdDCtFFQO1DRt+EVZhx9gPzP9G2bUaG4ig==",
      "dev": true,
      "requires": {
        "errno": "0.1.4"
      }
    },
    "level-iterator-stream": {
      "version": "1.3.1",
      "resolved": "https://registry.npmjs.org/level-iterator-stream/-/level-iterator-stream-1.3.1.tgz",
      "integrity": "sha1-5Dt4sagUPm+pek9IXrjqUwNS8u0=",
      "dev": true,
      "requires": {
        "inherits": "2.0.3",
        "level-errors": "1.0.5",
        "readable-stream": "1.1.14",
        "xtend": "4.0.1"
      }
    },
    "level-js": {
      "version": "2.1.6",
      "resolved": "https://registry.npmjs.org/level-js/-/level-js-2.1.6.tgz",
      "integrity": "sha1-TpT3KOVZfGI+5igNvrW4aZNly00=",
      "dev": true,
      "requires": {
        "abstract-leveldown": "0.12.4",
        "idb-wrapper": "1.4.1",
        "isbuffer": "0.0.0",
        "ltgt": "1.2.0",
        "tape": "2.10.3",
        "typedarray-to-buffer": "1.0.4",
        "xtend": "2.1.2"
      },
      "dependencies": {
        "abstract-leveldown": {
          "version": "0.12.4",
          "resolved": "https://registry.npmjs.org/abstract-leveldown/-/abstract-leveldown-0.12.4.tgz",
          "integrity": "sha1-KeGOYy5g5OIh1YECR4UqY9ey5BA=",
          "dev": true,
          "requires": {
            "xtend": "3.0.0"
          },
          "dependencies": {
            "xtend": {
              "version": "3.0.0",
              "resolved": "https://registry.npmjs.org/xtend/-/xtend-3.0.0.tgz",
              "integrity": "sha1-XM50B7r2Qsunvs2laBEcST9ZZlo=",
              "dev": true
            }
          }
        },
        "ltgt": {
          "version": "1.2.0",
          "resolved": "https://registry.npmjs.org/ltgt/-/ltgt-1.2.0.tgz",
          "integrity": "sha1-YXcH3DnzgpRBXmagLzwnBaxAeGY=",
          "dev": true
        },
        "tape": {
          "version": "2.10.3",
          "resolved": "https://registry.npmjs.org/tape/-/tape-2.10.3.tgz",
          "integrity": "sha1-HYZvQtRvIRuq4owpDTDU6VcMeTg=",
          "dev": true,
          "requires": {
            "deep-equal": "0.2.2",
            "defined": "0.0.0",
            "glob": "3.2.11",
            "inherits": "2.0.3",
            "object-inspect": "0.3.1",
            "resumer": "0.0.0",
            "through": "2.3.8"
          }
        },
        "xtend": {
          "version": "2.1.2",
          "resolved": "https://registry.npmjs.org/xtend/-/xtend-2.1.2.tgz",
          "integrity": "sha1-bv7MKk2tjmlixJAbM3znuoe10os=",
          "dev": true,
          "requires": {
            "object-keys": "0.4.0"
          }
        }
      }
    },
    "level-packager": {
      "version": "1.2.1",
      "resolved": "https://registry.npmjs.org/level-packager/-/level-packager-1.2.1.tgz",
      "integrity": "sha1-Bn/t/Qcrf+PGvsYIDAy9SmsuEfQ=",
      "dev": true,
      "requires": {
        "levelup": "1.3.9"
      }
    },
    "level-test": {
      "version": "2.0.3",
      "resolved": "https://registry.npmjs.org/level-test/-/level-test-2.0.3.tgz",
      "integrity": "sha1-B1tGnKvzgxJ0pzrjacyMoNWleOQ=",
      "dev": true,
      "requires": {
        "level": "1.7.0",
        "level-js": "2.1.6",
        "leveldown": "1.7.2",
        "levelup": "1.3.9",
        "memdown": "1.0.0",
        "mkdirp": "0.5.1",
        "osenv": "0.1.4",
        "rimraf": "2.3.4",
        "xtend": "4.0.1"
      }
    },
    "leveldown": {
      "version": "1.7.2",
      "resolved": "https://registry.npmjs.org/leveldown/-/leveldown-1.7.2.tgz",
      "integrity": "sha1-XjRnuyfuJGpKe429j7KxYgam64s=",
      "dev": true,
      "requires": {
        "abstract-leveldown": "2.6.3",
        "bindings": "1.2.1",
        "fast-future": "1.0.2",
        "nan": "2.6.2",
        "prebuild-install": "2.2.1"
      }
    },
    "levelup": {
      "version": "1.3.9",
      "resolved": "https://registry.npmjs.org/levelup/-/levelup-1.3.9.tgz",
      "integrity": "sha512-VVGHfKIlmw8w1XqpGOAGwq6sZm2WwWLmlDcULkKWQXEA5EopA8OBNJ2Ck2v6bdk8HeEZSbCSEgzXadyQFm76sQ==",
      "dev": true,
      "requires": {
        "deferred-leveldown": "1.2.2",
        "level-codec": "7.0.1",
        "level-errors": "1.0.5",
        "level-iterator-stream": "1.3.1",
        "prr": "1.0.1",
        "semver": "5.4.1",
        "xtend": "4.0.1"
      }
    },
    "lru-cache": {
      "version": "2.7.3",
      "resolved": "https://registry.npmjs.org/lru-cache/-/lru-cache-2.7.3.tgz",
      "integrity": "sha1-bUUk6LlV+V1PW1iFHOId1y+06VI=",
      "dev": true
    },
    "ltgt": {
      "version": "2.2.0",
      "resolved": "https://registry.npmjs.org/ltgt/-/ltgt-2.2.0.tgz",
      "integrity": "sha1-tlul/LNJopkkyOMz98alVi8uSEI="
    },
    "memdown": {
      "version": "1.0.0",
      "resolved": "https://registry.npmjs.org/memdown/-/memdown-1.0.0.tgz",
      "integrity": "sha1-09H+m9YMObXhViR4kOpflfp2Trk=",
      "dev": true,
      "requires": {
        "abstract-leveldown": "2.6.3",
        "functional-red-black-tree": "1.0.1",
        "inherits": "2.0.3",
        "ltgt": "1.0.2"
      },
      "dependencies": {
        "ltgt": {
          "version": "1.0.2",
          "resolved": "https://registry.npmjs.org/ltgt/-/ltgt-1.0.2.tgz",
          "integrity": "sha1-5oF+sprSBPwMnpbviw/umO9rmqM=",
          "dev": true
        }
      }
    },
    "minimatch": {
      "version": "0.3.0",
      "resolved": "https://registry.npmjs.org/minimatch/-/minimatch-0.3.0.tgz",
      "integrity": "sha1-J12O2qxPG7MyZHIInnlJyDlGmd0=",
      "dev": true,
      "requires": {
        "lru-cache": "2.7.3",
        "sigmund": "1.0.1"
      }
    },
    "minimist": {
      "version": "1.2.0",
      "resolved": "https://registry.npmjs.org/minimist/-/minimist-1.2.0.tgz",
      "integrity": "sha1-o1AIsg9BOD7sH7kU9M1d95omQoQ=",
      "dev": true
    },
    "mkdirp": {
      "version": "0.5.1",
      "resolved": "https://registry.npmjs.org/mkdirp/-/mkdirp-0.5.1.tgz",
      "integrity": "sha1-MAV0OOrGz3+MR2fzhkjWaX11yQM=",
      "dev": true,
      "requires": {
        "minimist": "0.0.8"
      },
      "dependencies": {
        "minimist": {
          "version": "0.0.8",
          "resolved": "https://registry.npmjs.org/minimist/-/minimist-0.0.8.tgz",
          "integrity": "sha1-hX/Kv8M5fSYluCKCYuhqp6ARsF0=",
          "dev": true
        }
      }
    },
    "nan": {
      "version": "2.6.2",
      "resolved": "https://registry.npmjs.org/nan/-/nan-2.6.2.tgz",
      "integrity": "sha1-5P805slf37WuzAjeZZb0NgWn20U=",
      "dev": true
    },
    "node-abi": {
      "version": "2.1.0",
      "resolved": "https://registry.npmjs.org/node-abi/-/node-abi-2.1.0.tgz",
      "integrity": "sha512-AbW35CPRE4vdieOse46V+16dKispLNv3PQwgqlcfg7GQeQHcLu3gvp3fbU2gTh7d8NfGjp5CJh+j4Hpyb0XzaA==",
      "dev": true
    },
    "noop-logger": {
      "version": "0.1.1",
      "resolved": "https://registry.npmjs.org/noop-logger/-/noop-logger-0.1.1.tgz",
      "integrity": "sha1-lKKxYzxPExdVMAfYlm/Q6EG2pMI=",
      "dev": true
    },
    "npmlog": {
      "version": "4.1.2",
      "resolved": "https://registry.npmjs.org/npmlog/-/npmlog-4.1.2.tgz",
      "integrity": "sha512-2uUqazuKlTaSI/dC8AzicUck7+IrEaOnN/e0jd3Xtt1KcGpwx30v50mL7oPyr/h9bL3E4aZccVwpwP+5W9Vjkg==",
      "dev": true,
      "requires": {
        "are-we-there-yet": "1.1.4",
        "console-control-strings": "1.1.0",
        "gauge": "2.7.4",
        "set-blocking": "2.0.0"
      }
    },
    "number-is-nan": {
      "version": "1.0.1",
      "resolved": "https://registry.npmjs.org/number-is-nan/-/number-is-nan-1.0.1.tgz",
      "integrity": "sha1-CXtgK1NCKlIsGvuHkDGDNpQaAR0=",
      "dev": true
    },
    "object-assign": {
      "version": "4.1.1",
      "resolved": "https://registry.npmjs.org/object-assign/-/object-assign-4.1.1.tgz",
      "integrity": "sha1-IQmtx5ZYh8/AXLvUQsrIv7s2CGM=",
      "dev": true
    },
    "object-inspect": {
      "version": "0.3.1",
      "resolved": "https://registry.npmjs.org/object-inspect/-/object-inspect-0.3.1.tgz",
      "integrity": "sha1-Of3IyidkCKeV9cc2ssRM0Ewedqg=",
      "dev": true
    },
    "object-keys": {
      "version": "0.4.0",
      "resolved": "https://registry.npmjs.org/object-keys/-/object-keys-0.4.0.tgz",
      "integrity": "sha1-KKaq50KN0sOpLz2V8hM13SBOAzY=",
      "dev": true
    },
    "once": {
      "version": "1.4.0",
      "resolved": "https://registry.npmjs.org/once/-/once-1.4.0.tgz",
      "integrity": "sha1-WDsap3WWHUsROsF9nFC6753Xa9E=",
      "dev": true,
      "requires": {
        "wrappy": "1.0.2"
      }
    },
    "os-homedir": {
      "version": "1.0.2",
      "resolved": "https://registry.npmjs.org/os-homedir/-/os-homedir-1.0.2.tgz",
      "integrity": "sha1-/7xJiDNuDoM94MFox+8VISGqf7M=",
      "dev": true
    },
    "os-tmpdir": {
      "version": "1.0.2",
      "resolved": "https://registry.npmjs.org/os-tmpdir/-/os-tmpdir-1.0.2.tgz",
      "integrity": "sha1-u+Z0BseaqFxc/sdm/lc0VV36EnQ=",
      "dev": true
    },
    "osenv": {
      "version": "0.1.4",
      "resolved": "https://registry.npmjs.org/osenv/-/osenv-0.1.4.tgz",
      "integrity": "sha1-Qv5tWVPfBsgGS+bxdsPQWqqjRkQ=",
      "dev": true,
      "requires": {
        "os-homedir": "1.0.2",
        "os-tmpdir": "1.0.2"
      }
    },
    "prebuild-install": {
      "version": "2.2.1",
      "resolved": "https://registry.npmjs.org/prebuild-install/-/prebuild-install-2.2.1.tgz",
      "integrity": "sha512-y/sgNJ49vjXQ3qYdSI/jTRZq6D7g5Q2euK6x0/L8dvwK1EGvNLidtg2t4PZzTgkR6LahkzpYVshOmHKYtp0AlQ==",
      "dev": true,
      "requires": {
        "expand-template": "1.0.3",
        "github-from-package": "0.0.0",
        "minimist": "1.2.0",
        "mkdirp": "0.5.1",
        "node-abi": "2.1.0",
        "noop-logger": "0.1.1",
        "npmlog": "4.1.2",
        "os-homedir": "1.0.2",
        "pump": "1.0.2",
        "rc": "1.2.1",
        "simple-get": "1.4.3",
        "tar-fs": "1.15.3",
        "tunnel-agent": "0.6.0",
        "xtend": "4.0.1"
      }
    },
    "process-nextick-args": {
      "version": "1.0.7",
      "resolved": "https://registry.npmjs.org/process-nextick-args/-/process-nextick-args-1.0.7.tgz",
      "integrity": "sha1-FQ4gt1ZZCtP5EJPyWk8q2L/zC6M=",
      "dev": true
    },
    "prr": {
      "version": "1.0.1",
      "resolved": "https://registry.npmjs.org/prr/-/prr-1.0.1.tgz",
      "integrity": "sha1-0/wRS6BplaRexok/SEzrHXj19HY=",
      "dev": true
    },
    "pump": {
      "version": "1.0.2",
      "resolved": "https://registry.npmjs.org/pump/-/pump-1.0.2.tgz",
      "integrity": "sha1-Oz7mUS+U8OV1U4wXmV+fFpkKXVE=",
      "dev": true,
      "requires": {
        "end-of-stream": "1.4.0",
        "once": "1.4.0"
      }
    },
    "rc": {
      "version": "1.2.1",
      "resolved": "https://registry.npmjs.org/rc/-/rc-1.2.1.tgz",
      "integrity": "sha1-LgPo5C7kULjLPc5lvhv4l04d/ZU=",
      "dev": true,
      "requires": {
        "deep-extend": "0.4.2",
        "ini": "1.3.5",
        "minimist": "1.2.0",
        "strip-json-comments": "2.0.1"
      }
    },
    "readable-stream": {
      "version": "1.1.14",
      "resolved": "https://registry.npmjs.org/readable-stream/-/readable-stream-1.1.14.tgz",
      "integrity": "sha1-fPTFTvZI44EwhMY23SB54WbAgdk=",
      "dev": true,
      "requires": {
        "core-util-is": "1.0.2",
        "inherits": "2.0.3",
        "isarray": "0.0.1",
        "string_decoder": "0.10.31"
      }
    },
    "resumer": {
      "version": "0.0.0",
      "resolved": "https://registry.npmjs.org/resumer/-/resumer-0.0.0.tgz",
      "integrity": "sha1-8ej0YeQGS6Oegq883CqMiT0HZ1k=",
      "dev": true,
      "requires": {
        "through": "2.3.8"
      }
    },
    "rimraf": {
      "version": "2.3.4",
      "resolved": "https://registry.npmjs.org/rimraf/-/rimraf-2.3.4.tgz",
      "integrity": "sha1-gtm8Gy/PMeIFrHsoE4oCXQjpFZo=",
      "dev": true,
      "requires": {
        "glob": "4.5.3"
      },
      "dependencies": {
        "glob": {
          "version": "4.5.3",
          "resolved": "https://registry.npmjs.org/glob/-/glob-4.5.3.tgz",
          "integrity": "sha1-xstz0yJsHv7wTePFbQEvAzd+4V8=",
          "dev": true,
          "requires": {
            "inflight": "1.0.6",
            "inherits": "2.0.3",
            "minimatch": "2.0.10",
            "once": "1.4.0"
          }
        },
        "minimatch": {
          "version": "2.0.10",
          "resolved": "https://registry.npmjs.org/minimatch/-/minimatch-2.0.10.tgz",
          "integrity": "sha1-jQh8OcazjAAbl/ynzm0OHoCvusc=",
          "dev": true,
          "requires": {
            "brace-expansion": "1.1.8"
          }
        }
      }
    },
    "safe-buffer": {
      "version": "5.1.1",
      "resolved": "https://registry.npmjs.org/safe-buffer/-/safe-buffer-5.1.1.tgz",
      "integrity": "sha512-kKvNJn6Mm93gAczWVJg7wH+wGYWNrDHdWvpUmHyEsgCtIwwo3bqPtV4tR5tuPaUhTOo/kvhVwd8XwwOllGYkbg==",
      "dev": true
    },
    "semver": {
      "version": "5.4.1",
      "resolved": "https://registry.npmjs.org/semver/-/semver-5.4.1.tgz",
      "integrity": "sha512-WfG/X9+oATh81XtllIo/I8gOiY9EXRdv1cQdyykeXK17YcUW3EXUAi2To4pcH6nZtJPr7ZOpM5OMyWJZm+8Rsg==",
      "dev": true
    },
    "set-blocking": {
      "version": "2.0.0",
      "resolved": "https://registry.npmjs.org/set-blocking/-/set-blocking-2.0.0.tgz",
      "integrity": "sha1-BF+XgtARrppoA93TgrJDkrPYkPc=",
      "dev": true
    },
    "sigmund": {
      "version": "1.0.1",
      "resolved": "https://registry.npmjs.org/sigmund/-/sigmund-1.0.1.tgz",
      "integrity": "sha1-P/IfGYytIXX587eBhT/ZTQ0ZtZA=",
      "dev": true
    },
    "signal-exit": {
      "version": "3.0.2",
      "resolved": "https://registry.npmjs.org/signal-exit/-/signal-exit-3.0.2.tgz",
      "integrity": "sha1-tf3AjxKH6hF4Yo5BXiUTK3NkbG0=",
      "dev": true
    },
    "simple-get": {
      "version": "1.4.3",
      "resolved": "https://registry.npmjs.org/simple-get/-/simple-get-1.4.3.tgz",
      "integrity": "sha1-6XVe2kB+ltpAxeUVjJ6jezO+y+s=",
      "dev": true,
      "requires": {
        "once": "1.4.0",
        "unzip-response": "1.0.2",
        "xtend": "4.0.1"
      }
    },
    "string-width": {
      "version": "1.0.2",
      "resolved": "https://registry.npmjs.org/string-width/-/string-width-1.0.2.tgz",
      "integrity": "sha1-EYvfW4zcUaKn5w0hHgfisLmxB9M=",
      "dev": true,
      "requires": {
        "code-point-at": "1.1.0",
        "is-fullwidth-code-point": "1.0.0",
        "strip-ansi": "3.0.1"
      }
    },
    "string_decoder": {
      "version": "0.10.31",
      "resolved": "https://registry.npmjs.org/string_decoder/-/string_decoder-0.10.31.tgz",
      "integrity": "sha1-YuIDvEF2bGwoyfyEMB2rHFMQ+pQ=",
      "dev": true
    },
    "strip-ansi": {
      "version": "3.0.1",
      "resolved": "https://registry.npmjs.org/strip-ansi/-/strip-ansi-3.0.1.tgz",
      "integrity": "sha1-ajhfuIU9lS1f8F0Oiq+UJ43GPc8=",
      "dev": true,
      "requires": {
        "ansi-regex": "2.1.1"
      }
    },
    "strip-json-comments": {
      "version": "2.0.1",
      "resolved": "https://registry.npmjs.org/strip-json-comments/-/strip-json-comments-2.0.1.tgz",
      "integrity": "sha1-PFMZQukIwml8DsNEhYwobHygpgo=",
      "dev": true
    },
    "tape": {
      "version": "2.14.1",
      "resolved": "https://registry.npmjs.org/tape/-/tape-2.14.1.tgz",
      "integrity": "sha1-j26y3QO3UKoFao3gGlRF5Z98nM4=",
      "dev": true,
      "requires": {
        "deep-equal": "0.2.2",
        "defined": "0.0.0",
        "glob": "3.2.11",
        "has": "0.0.1",
        "inherits": "2.0.3",
        "object-inspect": "1.4.0",
        "resumer": "0.0.0",
        "through": "2.3.8"
      },
      "dependencies": {
        "object-inspect": {
          "version": "1.4.0",
          "resolved": "https://registry.npmjs.org/object-inspect/-/object-inspect-1.4.0.tgz",
          "integrity": "sha512-6QW38aBzieGzJqBaq0VBCgVMuluSYAHMH0xR1CMGfVU3mWLimWhkP97NGBLpJZXYDswaY+Qbo7ExFMTE0w/6zQ==",
          "dev": true
        }
      }
    },
    "tar-fs": {
      "version": "1.15.3",
      "resolved": "https://registry.npmjs.org/tar-fs/-/tar-fs-1.15.3.tgz",
      "integrity": "sha1-7M+TXpQUk9gVECjmNuUc5MPKfyA=",
      "dev": true,
      "requires": {
        "chownr": "1.0.1",
        "mkdirp": "0.5.1",
        "pump": "1.0.2",
        "tar-stream": "1.5.4"
      }
    },
    "tar-stream": {
      "version": "1.5.4",
      "resolved": "https://registry.npmjs.org/tar-stream/-/tar-stream-1.5.4.tgz",
      "integrity": "sha1-NlSc8E7RrumyowwBQyUiONr5QBY=",
      "dev": true,
      "requires": {
        "bl": "1.2.1",
        "end-of-stream": "1.4.0",
        "readable-stream": "2.3.3",
        "xtend": "4.0.1"
      },
      "dependencies": {
        "isarray": {
          "version": "1.0.0",
          "resolved": "https://registry.npmjs.org/isarray/-/isarray-1.0.0.tgz",
          "integrity": "sha1-u5NdSFgsuhaMBoNJV6VKPgcSTxE=",
          "dev": true
        },
        "readable-stream": {
          "version": "2.3.3",
          "resolved": "https://registry.npmjs.org/readable-stream/-/readable-stream-2.3.3.tgz",
          "integrity": "sha512-m+qzzcn7KUxEmd1gMbchF+Y2eIUbieUaxkWtptyHywrX0rE8QEYqPC07Vuy4Wm32/xE16NcdBctb8S0Xe/5IeQ==",
          "dev": true,
          "requires": {
            "core-util-is": "1.0.2",
            "inherits": "2.0.3",
            "isarray": "1.0.0",
            "process-nextick-args": "1.0.7",
            "safe-buffer": "5.1.1",
            "string_decoder": "1.0.3",
            "util-deprecate": "1.0.2"
          }
        },
        "string_decoder": {
          "version": "1.0.3",
          "resolved": "https://registry.npmjs.org/string_decoder/-/string_decoder-1.0.3.tgz",
          "integrity": "sha512-4AH6Z5fzNNBcH+6XDMfA/BTt87skxqJlO0lAh3Dker5zThcAxG6mKz+iGu308UKoPPQ8Dcqx/4JhujzltRa+hQ==",
          "dev": true,
          "requires": {
            "safe-buffer": "5.1.1"
          }
        }
      }
    },
    "through": {
      "version": "2.3.8",
      "resolved": "https://registry.npmjs.org/through/-/through-2.3.8.tgz",
      "integrity": "sha1-DdTJ/6q8NXlgsbckEV1+Doai4fU=",
      "dev": true
    },
    "to-utf8": {
      "version": "0.0.1",
      "resolved": "https://registry.npmjs.org/to-utf8/-/to-utf8-0.0.1.tgz",
      "integrity": "sha1-0Xrqcv8vujm55DYBvns/9y4ImFI=",
      "dev": true
    },
    "tunnel-agent": {
      "version": "0.6.0",
      "resolved": "https://registry.npmjs.org/tunnel-agent/-/tunnel-agent-0.6.0.tgz",
      "integrity": "sha1-J6XeoGs2sEoKmWZ3SykIaPD8QP0=",
      "dev": true,
      "requires": {
        "safe-buffer": "5.1.1"
      }
    },
    "typedarray-to-buffer": {
      "version": "1.0.4",
      "resolved": "https://registry.npmjs.org/typedarray-to-buffer/-/typedarray-to-buffer-1.0.4.tgz",
      "integrity": "sha1-m7i6DoQfs/TPH+fCRenz+opf6Zw=",
      "dev": true
    },
    "unzip-response": {
      "version": "1.0.2",
      "resolved": "https://registry.npmjs.org/unzip-response/-/unzip-response-1.0.2.tgz",
      "integrity": "sha1-uYTwh3/AqJwsdzzB73tbIytbBv4=",
      "dev": true
    },
    "util-deprecate": {
      "version": "1.0.2",
      "resolved": "https://registry.npmjs.org/util-deprecate/-/util-deprecate-1.0.2.tgz",
      "integrity": "sha1-RQ1Nyfpw3nMnYvvS1KKJgUGaDM8=",
      "dev": true
    },
    "wide-align": {
      "version": "1.1.2",
      "resolved": "https://registry.npmjs.org/wide-align/-/wide-align-1.1.2.tgz",
      "integrity": "sha512-ijDLlyQ7s6x1JgCLur53osjm/UXUYD9+0PbYKrBsYisYXzCxN+HC3mYDNy/dWdmf3AwqwU3CXwDCvsNgGK1S0w==",
      "dev": true,
      "requires": {
        "string-width": "1.0.2"
      }
    },
    "wrappy": {
      "version": "1.0.2",
      "resolved": "https://registry.npmjs.org/wrappy/-/wrappy-1.0.2.tgz",
      "integrity": "sha1-tSQ9jz7BqjXxNkYFvA0QNuMKtp8=",
      "dev": true
    },
    "xtend": {
      "version": "4.0.1",
      "resolved": "https://registry.npmjs.org/xtend/-/xtend-4.0.1.tgz",
      "integrity": "sha1-pcbVMr5lbiPbgg77lDofBJmNY68=",
      "dev": true
    }
  }
}
